
Microsoft Visual Studio Solution File, Format Version 12.00
# Visual Studio 14
VisualStudioVersion = 14.0.25420.1
MinimumVisualStudioVersion = 10.0.40219.1
Project("{FAE04EC0-301F-11D3-BF4B-00C04F79EFBC}") = "ScrollViewHerder", "ScrollViewHerder\ScrollViewHerder.csproj", "{F407D7FD-586C-4C02-988D-6DEA8659F492}"
EndProject
Project("{FAE04EC0-301F-11D3-BF4B-00C04F79EFBC}") = "MyBackgroundTask", "MyBackgroundTask(UWP)\MyBackgroundTask\MyBackgroundTask.csproj", "{D29158FB-9E4B-4B2B-8129-7D7072885B7A}"
EndProject
Project("{FAE04EC0-301F-11D3-BF4B-00C04F79EFBC}") = "MyBackgroundTaskSample", "MyBackgroundTask(UWP)\MyBackgroundTaskSample\MyBackgroundTaskSample.csproj", "{6692A930-2DC5-42E5-B0EF-FA38ADE3E3B2}"
EndProject
Project("{FAE04EC0-301F-11D3-BF4B-00C04F79EFBC}") = "AppToast", "AppToast\AppToast.csproj", "{765BEBB1-4DAE-4D47-A2FC-3D9C21A894BE}"
EndProject
Project("{FAE04EC0-301F-11D3-BF4B-00C04F79EFBC}") = "SqliteCore", "SqliteCore\SqliteCore.csproj", "{8D83BF4F-05EA-4148-9332-96608BC47C07}"
EndProject
Project("{FAE04EC0-301F-11D3-BF4B-00C04F79EFBC}") = "InProcessBackgroundtask", "InProcessBackgroundtask\InProcessBackgroundtask.csproj", "{1A6C347A-8F02-4453-84A0-E80DE35785E5}"
EndProject
Project("{FAE04EC0-301F-11D3-BF4B-00C04F79EFBC}") = "Coding4Fun", "Coding4Fun\Coding4Fun.csproj", "{DBDF5288-95DF-41EC-BD62-7F60CD7F2A33}"
EndProject
Project("{2150E333-8FDC-42A3-9474-1A3956D46DE8}") = "CallCSharpMethodInHtml", "CallCSharpMethodInHtml", "{F3C42D3F-D692-4F86-90FA-A9E5D54B5D18}"
EndProject
Project("{FAE04EC0-301F-11D3-BF4B-00C04F79EFBC}") = "AppTestSample", "AppTestSample\AppTestSample.csproj", "{F1DC287D-24BF-4953-A055-A3CF219D9E7A}"
EndProject
Project("{FAE04EC0-301F-11D3-BF4B-00C04F79EFBC}") = "HtmlCommunicator", "HtmlCommunicator\HtmlCommunicator.csproj", "{1F543058-94BA-4C3E-85B2-AF6B479A786B}"
EndProject
Project("{FAE04EC0-301F-11D3-BF4B-00C04F79EFBC}") = "AppAutoSuggestBox", "AppAutoSuggestBox\AppAutoSuggestBox.csproj", "{CE495743-8D5B-4C12-9CB1-93CA928368C2}"
EndProject
Global
	GlobalSection(SolutionConfigurationPlatforms) = preSolution
		Debug|Any CPU = Debug|Any CPU
		Debug|ARM = Debug|ARM
		Debug|x64 = Debug|x64
		Debug|x86 = Debug|x86
		Release|Any CPU = Release|Any CPU
		Release|ARM = Release|ARM
		Release|x64 = Release|x64
		Release|x86 = Release|x86
	EndGlobalSection
	GlobalSection(ProjectConfigurationPlatforms) = postSolution
		{F407D7FD-586C-4C02-988D-6DEA8659F492}.Debug|Any CPU.ActiveCfg = Debug|x86
		{F407D7FD-586C-4C02-988D-6DEA8659F492}.Debug|ARM.ActiveCfg = Debug|ARM
		{F407D7FD-586C-4C02-988D-6DEA8659F492}.Debug|ARM.Build.0 = Debug|ARM
		{F407D7FD-586C-4C02-988D-6DEA8659F492}.Debug|ARM.Deploy.0 = Debug|ARM
		{F407D7FD-586C-4C02-988D-6DEA8659F492}.Debug|x64.ActiveCfg = Debug|x64
		{F407D7FD-586C-4C02-988D-6DEA8659F492}.Debug|x64.Build.0 = Debug|x64
		{F407D7FD-586C-4C02-988D-6DEA8659F492}.Debug|x64.Deploy.0 = Debug|x64
		{F407D7FD-586C-4C02-988D-6DEA8659F492}.Debug|x86.ActiveCfg = Debug|x86
		{F407D7FD-586C-4C02-988D-6DEA8659F492}.Debug|x86.Build.0 = Debug|x86
		{F407D7FD-586C-4C02-988D-6DEA8659F492}.Debug|x86.Deploy.0 = Debug|x86
		{F407D7FD-586C-4C02-988D-6DEA8659F492}.Release|Any CPU.ActiveCfg = Release|x86
		{F407D7FD-586C-4C02-988D-6DEA8659F492}.Release|ARM.ActiveCfg = Release|ARM
		{F407D7FD-586C-4C02-988D-6DEA8659F492}.Release|ARM.Build.0 = Release|ARM
		{F407D7FD-586C-4C02-988D-6DEA8659F492}.Release|ARM.Deploy.0 = Release|ARM
		{F407D7FD-586C-4C02-988D-6DEA8659F492}.Release|x64.ActiveCfg = Release|x64
		{F407D7FD-586C-4C02-988D-6DEA8659F492}.Release|x64.Build.0 = Release|x64
		{F407D7FD-586C-4C02-988D-6DEA8659F492}.Release|x64.Deploy.0 = Release|x64
		{F407D7FD-586C-4C02-988D-6DEA8659F492}.Release|x86.ActiveCfg = Release|x86
		{F407D7FD-586C-4C02-988D-6DEA8659F492}.Release|x86.Build.0 = Release|x86
		{F407D7FD-586C-4C02-988D-6DEA8659F492}.Release|x86.Deploy.0 = Release|x86
		{D29158FB-9E4B-4B2B-8129-7D7072885B7A}.Debug|Any CPU.ActiveCfg = Debug|x86
		{D29158FB-9E4B-4B2B-8129-7D7072885B7A}.Debug|ARM.ActiveCfg = Debug|ARM
		{D29158FB-9E4B-4B2B-8129-7D7072885B7A}.Debug|ARM.Build.0 = Debug|ARM
		{D29158FB-9E4B-4B2B-8129-7D7072885B7A}.Debug|ARM.Deploy.0 = Debug|ARM
		{D29158FB-9E4B-4B2B-8129-7D7072885B7A}.Debug|x64.ActiveCfg = Debug|x64
		{D29158FB-9E4B-4B2B-8129-7D7072885B7A}.Debug|x64.Build.0 = Debug|x64
		{D29158FB-9E4B-4B2B-8129-7D7072885B7A}.Debug|x64.Deploy.0 = Debug|x64
		{D29158FB-9E4B-4B2B-8129-7D7072885B7A}.Debug|x86.ActiveCfg = Debug|x86
		{D29158FB-9E4B-4B2B-8129-7D7072885B7A}.Debug|x86.Build.0 = Debug|x86
		{D29158FB-9E4B-4B2B-8129-7D7072885B7A}.Debug|x86.Deploy.0 = Debug|x86
		{D29158FB-9E4B-4B2B-8129-7D7072885B7A}.Release|Any CPU.ActiveCfg = Release|x86
		{D29158FB-9E4B-4B2B-8129-7D7072885B7A}.Release|ARM.ActiveCfg = Release|ARM
		{D29158FB-9E4B-4B2B-8129-7D7072885B7A}.Release|ARM.Build.0 = Release|ARM
		{D29158FB-9E4B-4B2B-8129-7D7072885B7A}.Release|ARM.Deploy.0 = Release|ARM
		{D29158FB-9E4B-4B2B-8129-7D7072885B7A}.Release|x64.ActiveCfg = Release|x64
		{D29158FB-9E4B-4B2B-8129-7D7072885B7A}.Release|x64.Build.0 = Release|x64
		{D29158FB-9E4B-4B2B-8129-7D7072885B7A}.Release|x64.Deploy.0 = Release|x64
		{D29158FB-9E4B-4B2B-8129-7D7072885B7A}.Release|x86.ActiveCfg = Release|x86
		{D29158FB-9E4B-4B2B-8129-7D7072885B7A}.Release|x86.Build.0 = Release|x86
		{D29158FB-9E4B-4B2B-8129-7D7072885B7A}.Release|x86.Deploy.0 = Release|x86
		{6692A930-2DC5-42E5-B0EF-FA38ADE3E3B2}.Debug|Any CPU.ActiveCfg = Debug|Any CPU
		{6692A930-2DC5-42E5-B0EF-FA38ADE3E3B2}.Debug|Any CPU.Build.0 = Debug|Any CPU
		{6692A930-2DC5-42E5-B0EF-FA38ADE3E3B2}.Debug|ARM.ActiveCfg = Debug|ARM
		{6692A930-2DC5-42E5-B0EF-FA38ADE3E3B2}.Debug|ARM.Build.0 = Debug|ARM
		{6692A930-2DC5-42E5-B0EF-FA38ADE3E3B2}.Debug|x64.ActiveCfg = Debug|x64
		{6692A930-2DC5-42E5-B0EF-FA38ADE3E3B2}.Debug|x64.Build.0 = Debug|x64
		{6692A930-2DC5-42E5-B0EF-FA38ADE3E3B2}.Debug|x86.ActiveCfg = Debug|x86
		{6692A930-2DC5-42E5-B0EF-FA38ADE3E3B2}.Debug|x86.Build.0 = Debug|x86
		{6692A930-2DC5-42E5-B0EF-FA38ADE3E3B2}.Release|Any CPU.ActiveCfg = Release|Any CPU
		{6692A930-2DC5-42E5-B0EF-FA38ADE3E3B2}.Release|Any CPU.Build.0 = Release|Any CPU
		{6692A930-2DC5-42E5-B0EF-FA38ADE3E3B2}.Release|ARM.ActiveCfg = Release|ARM
		{6692A930-2DC5-42E5-B0EF-FA38ADE3E3B2}.Release|ARM.Build.0 = Release|ARM
		{6692A930-2DC5-42E5-B0EF-FA38ADE3E3B2}.Release|x64.ActiveCfg = Release|x64
		{6692A930-2DC5-42E5-B0EF-FA38ADE3E3B2}.Release|x64.Build.0 = Release|x64
		{6692A930-2DC5-42E5-B0EF-FA38ADE3E3B2}.Release|x86.ActiveCfg = Release|x86
		{6692A930-2DC5-42E5-B0EF-FA38ADE3E3B2}.Release|x86.Build.0 = Release|x86
		{765BEBB1-4DAE-4D47-A2FC-3D9C21A894BE}.Debug|Any CPU.ActiveCfg = Debug|x86
		{765BEBB1-4DAE-4D47-A2FC-3D9C21A894BE}.Debug|ARM.ActiveCfg = Debug|ARM
		{765BEBB1-4DAE-4D47-A2FC-3D9C21A894BE}.Debug|ARM.Build.0 = Debug|ARM
		{765BEBB1-4DAE-4D47-A2FC-3D9C21A894BE}.Debug|ARM.Deploy.0 = Debug|ARM
		{765BEBB1-4DAE-4D47-A2FC-3D9C21A894BE}.Debug|x64.ActiveCfg = Debug|x64
		{765BEBB1-4DAE-4D47-A2FC-3D9C21A894BE}.Debug|x64.Build.0 = Debug|x64
		{765BEBB1-4DAE-4D47-A2FC-3D9C21A894BE}.Debug|x64.Deploy.0 = Debug|x64
		{765BEBB1-4DAE-4D47-A2FC-3D9C21A894BE}.Debug|x86.ActiveCfg = Debug|x86
		{765BEBB1-4DAE-4D47-A2FC-3D9C21A894BE}.Debug|x86.Build.0 = Debug|x86
		{765BEBB1-4DAE-4D47-A2FC-3D9C21A894BE}.Debug|x86.Deploy.0 = Debug|x86
		{765BEBB1-4DAE-4D47-A2FC-3D9C21A894BE}.Release|Any CPU.ActiveCfg = Release|x86
		{765BEBB1-4DAE-4D47-A2FC-3D9C21A894BE}.Release|ARM.ActiveCfg = Release|ARM
		{765BEBB1-4DAE-4D47-A2FC-3D9C21A894BE}.Release|ARM.Build.0 = Release|ARM
		{765BEBB1-4DAE-4D47-A2FC-3D9C21A894BE}.Release|ARM.Deploy.0 = Release|ARM
		{765BEBB1-4DAE-4D47-A2FC-3D9C21A894BE}.Release|x64.ActiveCfg = Release|x64
		{765BEBB1-4DAE-4D47-A2FC-3D9C21A894BE}.Release|x64.Build.0 = Release|x64
		{765BEBB1-4DAE-4D47-A2FC-3D9C21A894BE}.Release|x64.Deploy.0 = Release|x64
		{765BEBB1-4DAE-4D47-A2FC-3D9C21A894BE}.Release|x86.ActiveCfg = Release|x86
		{765BEBB1-4DAE-4D47-A2FC-3D9C21A894BE}.Release|x86.Build.0 = Release|x86
		{765BEBB1-4DAE-4D47-A2FC-3D9C21A894BE}.Release|x86.Deploy.0 = Release|x86
		{8D83BF4F-05EA-4148-9332-96608BC47C07}.Debug|Any CPU.ActiveCfg = Debug|x86
		{8D83BF4F-05EA-4148-9332-96608BC47C07}.Debug|ARM.ActiveCfg = Debug|ARM
		{8D83BF4F-05EA-4148-9332-96608BC47C07}.Debug|ARM.Build.0 = Debug|ARM
		{8D83BF4F-05EA-4148-9332-96608BC47C07}.Debug|ARM.Deploy.0 = Debug|ARM
		{8D83BF4F-05EA-4148-9332-96608BC47C07}.Debug|x64.ActiveCfg = Debug|x64
		{8D83BF4F-05EA-4148-9332-96608BC47C07}.Debug|x64.Build.0 = Debug|x64
		{8D83BF4F-05EA-4148-9332-96608BC47C07}.Debug|x64.Deploy.0 = Debug|x64
		{8D83BF4F-05EA-4148-9332-96608BC47C07}.Debug|x86.ActiveCfg = Debug|x86
		{8D83BF4F-05EA-4148-9332-96608BC47C07}.Debug|x86.Build.0 = Debug|x86
		{8D83BF4F-05EA-4148-9332-96608BC47C07}.Debug|x86.Deploy.0 = Debug|x86
		{8D83BF4F-05EA-4148-9332-96608BC47C07}.Release|Any CPU.ActiveCfg = Release|x86
		{8D83BF4F-05EA-4148-9332-96608BC47C07}.Release|ARM.ActiveCfg = Release|ARM
		{8D83BF4F-05EA-4148-9332-96608BC47C07}.Release|ARM.Build.0 = Release|ARM
		{8D83BF4F-05EA-4148-9332-96608BC47C07}.Release|ARM.Deploy.0 = Release|ARM
		{8D83BF4F-05EA-4148-9332-96608BC47C07}.Release|x64.ActiveCfg = Release|x64
		{8D83BF4F-05EA-4148-9332-96608BC47C07}.Release|x64.Build.0 = Release|x64
		{8D83BF4F-05EA-4148-9332-96608BC47C07}.Release|x64.Deploy.0 = Release|x64
		{8D83BF4F-05EA-4148-9332-96608BC47C07}.Release|x86.ActiveCfg = Release|x86
		{8D83BF4F-05EA-4148-9332-96608BC47C07}.Release|x86.Build.0 = Release|x86
		{8D83BF4F-05EA-4148-9332-96608BC47C07}.Release|x86.Deploy.0 = Release|x86
		{1A6C347A-8F02-4453-84A0-E80DE35785E5}.Debug|Any CPU.ActiveCfg = Debug|x86
		{1A6C347A-8F02-4453-84A0-E80DE35785E5}.Debug|ARM.ActiveCfg = Debug|ARM
		{1A6C347A-8F02-4453-84A0-E80DE35785E5}.Debug|ARM.Build.0 = Debug|ARM
		{1A6C347A-8F02-4453-84A0-E80DE35785E5}.Debug|ARM.Deploy.0 = Debug|ARM
		{1A6C347A-8F02-4453-84A0-E80DE35785E5}.Debug|x64.ActiveCfg = Debug|x64
		{1A6C347A-8F02-4453-84A0-E80DE35785E5}.Debug|x64.Build.0 = Debug|x64
		{1A6C347A-8F02-4453-84A0-E80DE35785E5}.Debug|x64.Deploy.0 = Debug|x64
		{1A6C347A-8F02-4453-84A0-E80DE35785E5}.Debug|x86.ActiveCfg = Debug|x86
		{1A6C347A-8F02-4453-84A0-E80DE35785E5}.Debug|x86.Build.0 = Debug|x86
		{1A6C347A-8F02-4453-84A0-E80DE35785E5}.Debug|x86.Deploy.0 = Debug|x86
		{1A6C347A-8F02-4453-84A0-E80DE35785E5}.Release|Any CPU.ActiveCfg = Release|x86
		{1A6C347A-8F02-4453-84A0-E80DE35785E5}.Release|ARM.ActiveCfg = Release|ARM
		{1A6C347A-8F02-4453-84A0-E80DE35785E5}.Release|ARM.Build.0 = Release|ARM
		{1A6C347A-8F02-4453-84A0-E80DE35785E5}.Release|ARM.Deploy.0 = Release|ARM
		{1A6C347A-8F02-4453-84A0-E80DE35785E5}.Release|x64.ActiveCfg = Release|x64
		{1A6C347A-8F02-4453-84A0-E80DE35785E5}.Release|x64.Build.0 = Release|x64
		{1A6C347A-8F02-4453-84A0-E80DE35785E5}.Release|x64.Deploy.0 = Release|x64
		{1A6C347A-8F02-4453-84A0-E80DE35785E5}.Release|x86.ActiveCfg = Release|x86
		{1A6C347A-8F02-4453-84A0-E80DE35785E5}.Release|x86.Build.0 = Release|x86
		{1A6C347A-8F02-4453-84A0-E80DE35785E5}.Release|x86.Deploy.0 = Release|x86
		{DBDF5288-95DF-41EC-BD62-7F60CD7F2A33}.Debug|Any CPU.ActiveCfg = Debug|x86
		{DBDF5288-95DF-41EC-BD62-7F60CD7F2A33}.Debug|ARM.ActiveCfg = Debug|ARM
		{DBDF5288-95DF-41EC-BD62-7F60CD7F2A33}.Debug|ARM.Build.0 = Debug|ARM
		{DBDF5288-95DF-41EC-BD62-7F60CD7F2A33}.Debug|ARM.Deploy.0 = Debug|ARM
		{DBDF5288-95DF-41EC-BD62-7F60CD7F2A33}.Debug|x64.ActiveCfg = Debug|x64
		{DBDF5288-95DF-41EC-BD62-7F60CD7F2A33}.Debug|x64.Build.0 = Debug|x64
		{DBDF5288-95DF-41EC-BD62-7F60CD7F2A33}.Debug|x64.Deploy.0 = Debug|x64
		{DBDF5288-95DF-41EC-BD62-7F60CD7F2A33}.Debug|x86.ActiveCfg = Debug|x86
		{DBDF5288-95DF-41EC-BD62-7F60CD7F2A33}.Debug|x86.Build.0 = Debug|x86
		{DBDF5288-95DF-41EC-BD62-7F60CD7F2A33}.Debug|x86.Deploy.0 = Debug|x86
		{DBDF5288-95DF-41EC-BD62-7F60CD7F2A33}.Release|Any CPU.ActiveCfg = Release|x86
		{DBDF5288-95DF-41EC-BD62-7F60CD7F2A33}.Release|ARM.ActiveCfg = Release|ARM
		{DBDF5288-95DF-41EC-BD62-7F60CD7F2A33}.Release|ARM.Build.0 = Release|ARM
		{DBDF5288-95DF-41EC-BD62-7F60CD7F2A33}.Release|ARM.Deploy.0 = Release|ARM
		{DBDF5288-95DF-41EC-BD62-7F60CD7F2A33}.Release|x64.ActiveCfg = Release|x64
		{DBDF5288-95DF-41EC-BD62-7F60CD7F2A33}.Release|x64.Build.0 = Release|x64
		{DBDF5288-95DF-41EC-BD62-7F60CD7F2A33}.Release|x64.Deploy.0 = Release|x64
		{DBDF5288-95DF-41EC-BD62-7F60CD7F2A33}.Release|x86.ActiveCfg = Release|x86
		{DBDF5288-95DF-41EC-BD62-7F60CD7F2A33}.Release|x86.Build.0 = Release|x86
		{DBDF5288-95DF-41EC-BD62-7F60CD7F2A33}.Release|x86.Deploy.0 = Release|x86
		{F1DC287D-24BF-4953-A055-A3CF219D9E7A}.Debug|Any CPU.ActiveCfg = Debug|x86
		{F1DC287D-24BF-4953-A055-A3CF219D9E7A}.Debug|ARM.ActiveCfg = Debug|ARM
		{F1DC287D-24BF-4953-A055-A3CF219D9E7A}.Debug|ARM.Build.0 = Debug|ARM
		{F1DC287D-24BF-4953-A055-A3CF219D9E7A}.Debug|ARM.Deploy.0 = Debug|ARM
		{F1DC287D-24BF-4953-A055-A3CF219D9E7A}.Debug|x64.ActiveCfg = Debug|x64
		{F1DC287D-24BF-4953-A055-A3CF219D9E7A}.Debug|x64.Build.0 = Debug|x64
		{F1DC287D-24BF-4953-A055-A3CF219D9E7A}.Debug|x64.Deploy.0 = Debug|x64
		{F1DC287D-24BF-4953-A055-A3CF219D9E7A}.Debug|x86.ActiveCfg = Debug|x86
		{F1DC287D-24BF-4953-A055-A3CF219D9E7A}.Debug|x86.Build.0 = Debug|x86
		{F1DC287D-24BF-4953-A055-A3CF219D9E7A}.Debug|x86.Deploy.0 = Debug|x86
		{F1DC287D-24BF-4953-A055-A3CF219D9E7A}.Release|Any CPU.ActiveCfg = Release|x86
		{F1DC287D-24BF-4953-A055-A3CF219D9E7A}.Release|ARM.ActiveCfg = Release|ARM
		{F1DC287D-24BF-4953-A055-A3CF219D9E7A}.Release|ARM.Build.0 = Release|ARM
		{F1DC287D-24BF-4953-A055-A3CF219D9E7A}.Release|ARM.Deploy.0 = Release|ARM
		{F1DC287D-24BF-4953-A055-A3CF219D9E7A}.Release|x64.ActiveCfg = Release|x64
		{F1DC287D-24BF-4953-A055-A3CF219D9E7A}.Release|x64.Build.0 = Release|x64
		{F1DC287D-24BF-4953-A055-A3CF219D9E7A}.Release|x64.Deploy.0 = Release|x64
		{F1DC287D-24BF-4953-A055-A3CF219D9E7A}.Release|x86.ActiveCfg = Release|x86
		{F1DC287D-24BF-4953-A055-A3CF219D9E7A}.Release|x86.Build.0 = Release|x86
		{F1DC287D-24BF-4953-A055-A3CF219D9E7A}.Release|x86.Deploy.0 = Release|x86
		{1F543058-94BA-4C3E-85B2-AF6B479A786B}.Debug|Any CPU.ActiveCfg = Debug|Any CPU
		{1F543058-94BA-4C3E-85B2-AF6B479A786B}.Debug|Any CPU.Build.0 = Debug|Any CPU
		{1F543058-94BA-4C3E-85B2-AF6B479A786B}.Debug|ARM.ActiveCfg = Debug|ARM
		{1F543058-94BA-4C3E-85B2-AF6B479A786B}.Debug|ARM.Build.0 = Debug|ARM
		{1F543058-94BA-4C3E-85B2-AF6B479A786B}.Debug|x64.ActiveCfg = Debug|x64
		{1F543058-94BA-4C3E-85B2-AF6B479A786B}.Debug|x64.Build.0 = Debug|x64
		{1F543058-94BA-4C3E-85B2-AF6B479A786B}.Debug|x86.ActiveCfg = Debug|x86
		{1F543058-94BA-4C3E-85B2-AF6B479A786B}.Debug|x86.Build.0 = Debug|x86
		{1F543058-94BA-4C3E-85B2-AF6B479A786B}.Release|Any CPU.ActiveCfg = Release|Any CPU
		{1F543058-94BA-4C3E-85B2-AF6B479A786B}.Release|Any CPU.Build.0 = Release|Any CPU
		{1F543058-94BA-4C3E-85B2-AF6B479A786B}.Release|ARM.ActiveCfg = Release|ARM
		{1F543058-94BA-4C3E-85B2-AF6B479A786B}.Release|ARM.Build.0 = Release|ARM
		{1F543058-94BA-4C3E-85B2-AF6B479A786B}.Release|x64.ActiveCfg = Release|x64
		{1F543058-94BA-4C3E-85B2-AF6B479A786B}.Release|x64.Build.0 = Release|x64
		{1F543058-94BA-4C3E-85B2-AF6B479A786B}.Release|x86.ActiveCfg = Release|x86
		{1F543058-94BA-4C3E-85B2-AF6B479A786B}.Release|x86.Build.0 = Release|x86
		{CE495743-8D5B-4C12-9CB1-93CA928368C2}.Debug|Any CPU.ActiveCfg = Debug|x86
		{CE495743-8D5B-4C12-9CB1-93CA928368C2}.Debug|ARM.ActiveCfg = Debug|ARM
		{CE495743-8D5B-4C12-9CB1-93CA928368C2}.Debug|ARM.Build.0 = Debug|ARM
		{CE495743-8D5B-4C12-9CB1-93CA928368C2}.Debug|ARM.Deploy.0 = Debug|ARM
		{CE495743-8D5B-4C12-9CB1-93CA928368C2}.Debug|x64.ActiveCfg = Debug|x64
		{CE495743-8D5B-4C12-9CB1-93CA928368C2}.Debug|x64.Build.0 = Debug|x64
		{CE495743-8D5B-4C12-9CB1-93CA928368C2}.Debug|x64.Deploy.0 = Debug|x64
		{CE495743-8D5B-4C12-9CB1-93CA928368C2}.Debug|x86.ActiveCfg = Debug|x86
		{CE495743-8D5B-4C12-9CB1-93CA928368C2}.Debug|x86.Build.0 = Debug|x86
		{CE495743-8D5B-4C12-9CB1-93CA928368C2}.Debug|x86.Deploy.0 = Debug|x86
		{CE495743-8D5B-4C12-9CB1-93CA928368C2}.Release|Any CPU.ActiveCfg = Release|x86
		{CE495743-8D5B-4C12-9CB1-93CA928368C2}.Release|ARM.ActiveCfg = Release|ARM
		{CE495743-8D5B-4C12-9CB1-93CA928368C2}.Release|ARM.Build.0 = Release|ARM
		{CE495743-8D5B-4C12-9CB1-93CA928368C2}.Release|ARM.Deploy.0 = Release|ARM
		{CE495743-8D5B-4C12-9CB1-93CA928368C2}.Release|x64.ActiveCfg = Release|x64
		{CE495743-8D5B-4C12-9CB1-93CA928368C2}.Release|x64.Build.0 = Release|x64
		{CE495743-8D5B-4C12-9CB1-93CA928368C2}.Release|x64.Deploy.0 = Release|x64
		{CE495743-8D5B-4C12-9CB1-93CA928368C2}.Release|x86.ActiveCfg = Release|x86
		{CE495743-8D5B-4C12-9CB1-93CA928368C2}.Release|x86.Build.0 = Release|x86
		{CE495743-8D5B-4C12-9CB1-93CA928368C2}.Release|x86.Deploy.0 = Release|x86
	EndGlobalSection
	GlobalSection(SolutionProperties) = preSolution
		HideSolutionNode = FALSE
	EndGlobalSection
	GlobalSection(NestedProjects) = preSolution
		{F1DC287D-24BF-4953-A055-A3CF219D9E7A} = {F3C42D3F-D692-4F86-90FA-A9E5D54B5D18}
		{1F543058-94BA-4C3E-85B2-AF6B479A786B} = {F3C42D3F-D692-4F86-90FA-A9E5D54B5D18}
	EndGlobalSection
EndGlobal
