
Microsoft Visual Studio Solution File, Format Version 12.00
# Visual Studio 14
VisualStudioVersion = 14.0.25420.1
MinimumVisualStudioVersion = 10.0.40219.1
Project("{FAE04EC0-301F-11D3-BF4B-00C04F79EFBC}") = "ScrollViewHerder", "ScrollViewHerder\ScrollViewHerder.csproj", "{F407D7FD-586C-4C02-988D-6DEA8659F492}"
EndProject
Project("{FAE04EC0-301F-11D3-BF4B-00C04F79EFBC}") = "MyBackgroundTask", "MyBackgroundTask(UWP)\MyBackgroundTask\MyBackgroundTask.csproj", "{D29158FB-9E4B-4B2B-8129-7D7072885B7A}"
EndProject
Project("{FAE04EC0-301F-11D3-BF4B-00C04F79EFBC}") = "MyBackgroundTaskSample", "MyBackgroundTask(UWP)\MyBackgroundTaskSample\MyBackgroundTaskSample.csproj", "{6692A930-2DC5-42E5-B0EF-FA38ADE3E3B2}"
EndProject
Project("{FAE04EC0-301F-11D3-BF4B-00C04F79EFBC}") = "AppToast", "AppToast\AppToast.csproj", "{765BEBB1-4DAE-4D47-A2FC-3D9C21A894BE}"
EndProject
Global
	GlobalSection(SolutionConfigurationPlatforms) = preSolution
		Debug|Any CPU = Debug|Any CPU
		Debug|ARM = Debug|ARM
		Debug|x64 = Debug|x64
		Debug|x86 = Debug|x86
		Release|Any CPU = Release|Any CPU
		Release|ARM = Release|ARM
		Release|x64 = Release|x64
		Release|x86 = Release|x86
	EndGlobalSection
	GlobalSection(ProjectConfigurationPlatforms) = postSolution
		{F407D7FD-586C-4C02-988D-6DEA8659F492}.Debug|Any CPU.ActiveCfg = Debug|x86
		{F407D7FD-586C-4C02-988D-6DEA8659F492}.Debug|ARM.ActiveCfg = Debug|ARM
		{F407D7FD-586C-4C02-988D-6DEA8659F492}.Debug|ARM.Build.0 = Debug|ARM
		{F407D7FD-586C-4C02-988D-6DEA8659F492}.Debug|ARM.Deploy.0 = Debug|ARM
		{F407D7FD-586C-4C02-988D-6DEA8659F492}.Debug|x64.ActiveCfg = Debug|x64
		{F407D7FD-586C-4C02-988D-6DEA8659F492}.Debug|x64.Build.0 = Debug|x64
		{F407D7FD-586C-4C02-988D-6DEA8659F492}.Debug|x64.Deploy.0 = Debug|x64
		{F407D7FD-586C-4C02-988D-6DEA8659F492}.Debug|x86.ActiveCfg = Debug|x86
		{F407D7FD-586C-4C02-988D-6DEA8659F492}.Debug|x86.Build.0 = Debug|x86
		{F407D7FD-586C-4C02-988D-6DEA8659F492}.Debug|x86.Deploy.0 = Debug|x86
		{F407D7FD-586C-4C02-988D-6DEA8659F492}.Release|Any CPU.ActiveCfg = Release|x86
		{F407D7FD-586C-4C02-988D-6DEA8659F492}.Release|ARM.ActiveCfg = Release|ARM
		{F407D7FD-586C-4C02-988D-6DEA8659F492}.Release|ARM.Build.0 = Release|ARM
		{F407D7FD-586C-4C02-988D-6DEA8659F492}.Release|ARM.Deploy.0 = Release|ARM
		{F407D7FD-586C-4C02-988D-6DEA8659F492}.Release|x64.ActiveCfg = Release|x64
		{F407D7FD-586C-4C02-988D-6DEA8659F492}.Release|x64.Build.0 = Release|x64
		{F407D7FD-586C-4C02-988D-6DEA8659F492}.Release|x64.Deploy.0 = Release|x64
		{F407D7FD-586C-4C02-988D-6DEA8659F492}.Release|x86.ActiveCfg = Release|x86
		{F407D7FD-586C-4C02-988D-6DEA8659F492}.Release|x86.Build.0 = Release|x86
		{F407D7FD-586C-4C02-988D-6DEA8659F492}.Release|x86.Deploy.0 = Release|x86
		{D29158FB-9E4B-4B2B-8129-7D7072885B7A}.Debug|Any CPU.ActiveCfg = Debug|x86
		{D29158FB-9E4B-4B2B-8129-7D7072885B7A}.Debug|ARM.ActiveCfg = Debug|ARM
		{D29158FB-9E4B-4B2B-8129-7D7072885B7A}.Debug|ARM.Build.0 = Debug|ARM
		{D29158FB-9E4B-4B2B-8129-7D7072885B7A}.Debug|ARM.Deploy.0 = Debug|ARM
		{D29158FB-9E4B-4B2B-8129-7D7072885B7A}.Debug|x64.ActiveCfg = Debug|x64
		{D29158FB-9E4B-4B2B-8129-7D7072885B7A}.Debug|x64.Build.0 = Debug|x64
		{D29158FB-9E4B-4B2B-8129-7D7072885B7A}.Debug|x64.Deploy.0 = Debug|x64
		{D29158FB-9E4B-4B2B-8129-7D7072885B7A}.Debug|x86.ActiveCfg = Debug|x86
		{D29158FB-9E4B-4B2B-8129-7D7072885B7A}.Debug|x86.Build.0 = Debug|x86
		{D29158FB-9E4B-4B2B-8129-7D7072885B7A}.Debug|x86.Deploy.0 = Debug|x86
		{D29158FB-9E4B-4B2B-8129-7D7072885B7A}.Release|Any CPU.ActiveCfg = Release|x86
		{D29158FB-9E4B-4B2B-8129-7D7072885B7A}.Release|ARM.ActiveCfg = Release|ARM
		{D29158FB-9E4B-4B2B-8129-7D7072885B7A}.Release|ARM.Build.0 = Release|ARM
		{D29158FB-9E4B-4B2B-8129-7D7072885B7A}.Release|ARM.Deploy.0 = Release|ARM
		{D29158FB-9E4B-4B2B-8129-7D7072885B7A}.Release|x64.ActiveCfg = Release|x64
		{D29158FB-9E4B-4B2B-8129-7D7072885B7A}.Release|x64.Build.0 = Release|x64
		{D29158FB-9E4B-4B2B-8129-7D7072885B7A}.Release|x64.Deploy.0 = Release|x64
		{D29158FB-9E4B-4B2B-8129-7D7072885B7A}.Release|x86.ActiveCfg = Release|x86
		{D29158FB-9E4B-4B2B-8129-7D7072885B7A}.Release|x86.Build.0 = Release|x86
		{D29158FB-9E4B-4B2B-8129-7D7072885B7A}.Release|x86.Deploy.0 = Release|x86
		{6692A930-2DC5-42E5-B0EF-FA38ADE3E3B2}.Debug|Any CPU.ActiveCfg = Debug|Any CPU
		{6692A930-2DC5-42E5-B0EF-FA38ADE3E3B2}.Debug|Any CPU.Build.0 = Debug|Any CPU
		{6692A930-2DC5-42E5-B0EF-FA38ADE3E3B2}.Debug|ARM.ActiveCfg = Debug|ARM
		{6692A930-2DC5-42E5-B0EF-FA38ADE3E3B2}.Debug|ARM.Build.0 = Debug|ARM
		{6692A930-2DC5-42E5-B0EF-FA38ADE3E3B2}.Debug|x64.ActiveCfg = Debug|x64
		{6692A930-2DC5-42E5-B0EF-FA38ADE3E3B2}.Debug|x64.Build.0 = Debug|x64
		{6692A930-2DC5-42E5-B0EF-FA38ADE3E3B2}.Debug|x86.ActiveCfg = Debug|x86
		{6692A930-2DC5-42E5-B0EF-FA38ADE3E3B2}.Debug|x86.Build.0 = Debug|x86
		{6692A930-2DC5-42E5-B0EF-FA38ADE3E3B2}.Release|Any CPU.ActiveCfg = Release|Any CPU
		{6692A930-2DC5-42E5-B0EF-FA38ADE3E3B2}.Release|Any CPU.Build.0 = Release|Any CPU
		{6692A930-2DC5-42E5-B0EF-FA38ADE3E3B2}.Release|ARM.ActiveCfg = Release|ARM
		{6692A930-2DC5-42E5-B0EF-FA38ADE3E3B2}.Release|ARM.Build.0 = Release|ARM
		{6692A930-2DC5-42E5-B0EF-FA38ADE3E3B2}.Release|x64.ActiveCfg = Release|x64
		{6692A930-2DC5-42E5-B0EF-FA38ADE3E3B2}.Release|x64.Build.0 = Release|x64
		{6692A930-2DC5-42E5-B0EF-FA38ADE3E3B2}.Release|x86.ActiveCfg = Release|x86
		{6692A930-2DC5-42E5-B0EF-FA38ADE3E3B2}.Release|x86.Build.0 = Release|x86
		{765BEBB1-4DAE-4D47-A2FC-3D9C21A894BE}.Debug|Any CPU.ActiveCfg = Debug|x86
		{765BEBB1-4DAE-4D47-A2FC-3D9C21A894BE}.Debug|ARM.ActiveCfg = Debug|ARM
		{765BEBB1-4DAE-4D47-A2FC-3D9C21A894BE}.Debug|ARM.Build.0 = Debug|ARM
		{765BEBB1-4DAE-4D47-A2FC-3D9C21A894BE}.Debug|ARM.Deploy.0 = Debug|ARM
		{765BEBB1-4DAE-4D47-A2FC-3D9C21A894BE}.Debug|x64.ActiveCfg = Debug|x64
		{765BEBB1-4DAE-4D47-A2FC-3D9C21A894BE}.Debug|x64.Build.0 = Debug|x64
		{765BEBB1-4DAE-4D47-A2FC-3D9C21A894BE}.Debug|x64.Deploy.0 = Debug|x64
		{765BEBB1-4DAE-4D47-A2FC-3D9C21A894BE}.Debug|x86.ActiveCfg = Debug|x86
		{765BEBB1-4DAE-4D47-A2FC-3D9C21A894BE}.Debug|x86.Build.0 = Debug|x86
		{765BEBB1-4DAE-4D47-A2FC-3D9C21A894BE}.Debug|x86.Deploy.0 = Debug|x86
		{765BEBB1-4DAE-4D47-A2FC-3D9C21A894BE}.Release|Any CPU.ActiveCfg = Release|x86
		{765BEBB1-4DAE-4D47-A2FC-3D9C21A894BE}.Release|ARM.ActiveCfg = Release|ARM
		{765BEBB1-4DAE-4D47-A2FC-3D9C21A894BE}.Release|ARM.Build.0 = Release|ARM
		{765BEBB1-4DAE-4D47-A2FC-3D9C21A894BE}.Release|ARM.Deploy.0 = Release|ARM
		{765BEBB1-4DAE-4D47-A2FC-3D9C21A894BE}.Release|x64.ActiveCfg = Release|x64
		{765BEBB1-4DAE-4D47-A2FC-3D9C21A894BE}.Release|x64.Build.0 = Release|x64
		{765BEBB1-4DAE-4D47-A2FC-3D9C21A894BE}.Release|x64.Deploy.0 = Release|x64
		{765BEBB1-4DAE-4D47-A2FC-3D9C21A894BE}.Release|x86.ActiveCfg = Release|x86
		{765BEBB1-4DAE-4D47-A2FC-3D9C21A894BE}.Release|x86.Build.0 = Release|x86
		{765BEBB1-4DAE-4D47-A2FC-3D9C21A894BE}.Release|x86.Deploy.0 = Release|x86
	EndGlobalSection
	GlobalSection(SolutionProperties) = preSolution
		HideSolutionNode = FALSE
	EndGlobalSection
EndGlobal
